// !$*UTF8*$!
{
	archiveVersion = 1;
	classes = {
	};
	objectVersion = 46;
	objects = {

/* Begin PBXBuildFile section */
		054E501A1E5BC25E00491930 /* main.m in Sources */ = {isa = PBXBuildFile; fileRef = 054E50191E5BC25E00491930 /* main.m */; };
		054E501D1E5BC25E00491930 /* AppDelegate.m in Sources */ = {isa = PBXBuildFile; fileRef = 054E501C1E5BC25E00491930 /* AppDelegate.m */; };
		054E50201E5BC25E00491930 /* ViewController.m in Sources */ = {isa = PBXBuildFile; fileRef = 054E501F1E5BC25E00491930 /* ViewController.m */; };
		054E50231E5BC25E00491930 /* Main.storyboard in Resources */ = {isa = PBXBuildFile; fileRef = 054E50211E5BC25E00491930 /* Main.storyboard */; };
		054E50251E5BC25E00491930 /* Assets.xcassets in Resources */ = {isa = PBXBuildFile; fileRef = 054E50241E5BC25E00491930 /* Assets.xcassets */; };
		054E50281E5BC25E00491930 /* LaunchScreen.storyboard in Resources */ = {isa = PBXBuildFile; fileRef = 054E50261E5BC25E00491930 /* LaunchScreen.storyboard */; };
		054E50331E5BC25E00491930 /* headerViewTests.m in Sources */ = {isa = PBXBuildFile; fileRef = 054E50321E5BC25E00491930 /* headerViewTests.m */; };
		054E503E1E5BC25E00491930 /* headerViewUITests.m in Sources */ = {isa = PBXBuildFile; fileRef = 054E503D1E5BC25E00491930 /* headerViewUITests.m */; };
		054E504C1E5BC50200491930 /* op.png in Resources */ = {isa = PBXBuildFile; fileRef = 054E504B1E5BC50200491930 /* op.png */; };
/* End PBXBuildFile section */

/* Begin PBXContainerItemProxy section */
		054E502F1E5BC25E00491930 /* PBXContainerItemProxy */ = {
			isa = PBXContainerItemProxy;
			containerPortal = 054E500D1E5BC25E00491930 /* Project object */;
			proxyType = 1;
			remoteGlobalIDString = 054E50141E5BC25E00491930;
			remoteInfo = headerView;
		};
		054E503A1E5BC25E00491930 /* PBXContainerItemProxy */ = {
			isa = PBXContainerItemProxy;
			containerPortal = 054E500D1E5BC25E00491930 /* Project object */;
			proxyType = 1;
			remoteGlobalIDString = 054E50141E5BC25E00491930;
			remoteInfo = headerView;
		};
/* End PBXContainerItemProxy section */

/* Begin PBXFileReference section */
		054E50151E5BC25E00491930 /* headerView.app */ = {isa = PBXFileReference; explicitFileType = wrapper.application; includeInIndex = 0; path = headerView.app; sourceTree = BUILT_PRODUCTS_DIR; };
		054E50191E5BC25E00491930 /* main.m */ = {isa = PBXFileReference; lastKnownFileType = sourcecode.c.objc; path = main.m; sourceTree = "<group>"; };
		054E501B1E5BC25E00491930 /* AppDelegate.h */ = {isa = PBXFileReference; lastKnownFileType = sourcecode.c.h; path = AppDelegate.h; sourceTree = "<group>"; };
		054E501C1E5BC25E00491930 /* AppDelegate.m */ = {isa = PBXFileReference; lastKnownFileType = sourcecode.c.objc; path = AppDelegate.m; sourceTree = "<group>"; };
		054E501E1E5BC25E00491930 /* ViewController.h */ = {isa = PBXFileReference; lastKnownFileType = sourcecode.c.h; path = ViewController.h; sourceTree = "<group>"; };
		054E501F1E5BC25E00491930 /* ViewController.m */ = {isa = PBXFileReference; lastKnownFileType = sourcecode.c.objc; path = ViewController.m; sourceTree = "<group>"; };
		054E50221E5BC25E00491930 /* Base */ = {isa = PBXFileReference; lastKnownFileType = file.storyboard; name = Base; path = Base.lproj/Main.storyboard; sourceTree = "<group>"; };
		054E50241E5BC25E00491930 /* Assets.xcassets */ = {isa = PBXFileReference; lastKnownFileType = folder.assetcatalog; path = Assets.xcassets; sourceTree = "<group>"; };
		054E50271E5BC25E00491930 /* Base */ = {isa = PBXFileReference; lastKnownFileType = file.storyboard; name = Base; path = Base.lproj/LaunchScreen.storyboard; sourceTree = "<group>"; };
		054E50291E5BC25E00491930 /* Info.plist */ = {isa = PBXFileReference; lastKnownFileType = text.plist.xml; path = Info.plist; sourceTree = "<group>"; };
		054E502E1E5BC25E00491930 /* headerViewTests.xctest */ = {isa = PBXFileReference; explicitFileType = wrapper.cfbundle; includeInIndex = 0; path = headerViewTests.xctest; sourceTree = BUILT_PRODUCTS_DIR; };
		054E50321E5BC25E00491930 /* headerViewTests.m */ = {isa = PBXFileReference; lastKnownFileType = sourcecode.c.objc; path = headerViewTests.m; sourceTree = "<group>"; };
		054E50341E5BC25E00491930 /* Info.plist */ = {isa = PBXFileReference; lastKnownFileType = text.plist.xml; path = Info.plist; sourceTree = "<group>"; };
		054E50391E5BC25E00491930 /* headerViewUITests.xctest */ = {isa = PBXFileReference; explicitFileType = wrapper.cfbundle; includeInIndex = 0; path = headerViewUITests.xctest; sourceTree = BUILT_PRODUCTS_DIR; };
		054E503D1E5BC25E00491930 /* headerViewUITests.m */ = {isa = PBXFileReference; lastKnownFileType = sourcecode.c.objc; path = headerViewUITests.m; sourceTree = "<group>"; };
		054E503F1E5BC25E00491930 /* Info.plist */ = {isa = PBXFileReference; lastKnownFileType = text.plist.xml; path = Info.plist; sourceTree = "<group>"; };
		054E504B1E5BC50200491930 /* op.png */ = {isa = PBXFileReference; lastKnownFileType = image.png; path = op.png; sourceTree = "<group>"; };
/* End PBXFileReference section */

/* Begin PBXFrameworksBuildPhase section */
		054E50121E5BC25E00491930 /* Frameworks */ = {
			isa = PBXFrameworksBuildPhase;
			buildActionMask = 2147483647;
			files = (
			);
			runOnlyForDeploymentPostprocessing = 0;
		};
		054E502B1E5BC25E00491930 /* Frameworks */ = {
			isa = PBXFrameworksBuildPhase;
			buildActionMask = 2147483647;
			files = (
			);
			runOnlyForDeploymentPostprocessing = 0;
		};
		054E50361E5BC25E00491930 /* Frameworks */ = {
			isa = PBXFrameworksBuildPhase;
			buildActionMask = 2147483647;
			files = (
			);
			runOnlyForDeploymentPostprocessing = 0;
		};
/* End PBXFrameworksBuildPhase section */

/* Begin PBXGroup section */
		054E500C1E5BC25E00491930 = {
			isa = PBXGroup;
			children = (
				054E50171E5BC25E00491930 /* headerView */,
				054E50311E5BC25E00491930 /* headerViewTests */,
				054E503C1E5BC25E00491930 /* headerViewUITests */,
				054E50161E5BC25E00491930 /* Products */,
			);
			sourceTree = "<group>";
		};
		054E50161E5BC25E00491930 /* Products */ = {
			isa = PBXGroup;
			children = (
				054E50151E5BC25E00491930 /* headerView.app */,
				054E502E1E5BC25E00491930 /* headerViewTests.xctest */,
				054E50391E5BC25E00491930 /* headerViewUITests.xctest */,
			);
			name = Products;
			sourceTree = "<group>";
		};
		054E50171E5BC25E00491930 /* headerView */ = {
			isa = PBXGroup;
			children = (
				054E501B1E5BC25E00491930 /* AppDelegate.h */,
				054E501C1E5BC25E00491930 /* AppDelegate.m */,
				054E501E1E5BC25E00491930 /* ViewController.h */,
				054E501F1E5BC25E00491930 /* ViewController.m */,
				054E504B1E5BC50200491930 /* op.png */,
				054E50211E5BC25E00491930 /* Main.storyboard */,
				054E50241E5BC25E00491930 /* Assets.xcassets */,
				054E50261E5BC25E00491930 /* LaunchScreen.storyboard */,
				054E50291E5BC25E00491930 /* Info.plist */,
				054E50181E5BC25E00491930 /* Supporting Files */,
			);
			path = headerView;
			sourceTree = "<group>";
		};
		054E50181E5BC25E00491930 /* Supporting Files */ = {
			isa = PBXGroup;
			children = (
				054E50191E5BC25E00491930 /* main.m */,
			);
			name = "Supporting Files";
			sourceTree = "<group>";
		};
		054E50311E5BC25E00491930 /* headerViewTests */ = {
			isa = PBXGroup;
			children = (
				054E50321E5BC25E00491930 /* headerViewTests.m */,
				054E50341E5BC25E00491930 /* Info.plist */,
			);
			path = headerViewTests;
			sourceTree = "<group>";
		};
		054E503C1E5BC25E00491930 /* headerViewUITests */ = {
			isa = PBXGroup;
			children = (
				054E503D1E5BC25E00491930 /* headerViewUITests.m */,
				054E503F1E5BC25E00491930 /* Info.plist */,
			);
			path = headerViewUITests;
			sourceTree = "<group>";
		};
/* End PBXGroup section */

/* Begin PBXNativeTarget section */
		054E50141E5BC25E00491930 /* headerView */ = {
			isa = PBXNativeTarget;
			buildConfigurationList = 054E50421E5BC25E00491930 /* Build configuration list for PBXNativeTarget "headerView" */;
			buildPhases = (
				054E50111E5BC25E00491930 /* Sources */,
				054E50121E5BC25E00491930 /* Frameworks */,
				054E50131E5BC25E00491930 /* Resources */,
			);
			buildRules = (
			);
			dependencies = (
			);
			name = headerView;
			productName = headerView;
			productReference = 054E50151E5BC25E00491930 /* headerView.app */;
			productType = "com.apple.product-type.application";
		};
		054E502D1E5BC25E00491930 /* headerViewTests */ = {
			isa = PBXNativeTarget;
			buildConfigurationList = 054E50451E5BC25E00491930 /* Build configuration list for PBXNativeTarget "headerViewTests" */;
			buildPhases = (
				054E502A1E5BC25E00491930 /* Sources */,
				054E502B1E5BC25E00491930 /* Frameworks */,
				054E502C1E5BC25E00491930 /* Resources */,
			);
			buildRules = (
			);
			dependencies = (
				054E50301E5BC25E00491930 /* PBXTargetDependency */,
			);
			name = headerViewTests;
			productName = headerViewTests;
			productReference = 054E502E1E5BC25E00491930 /* headerViewTests.xctest */;
			productType = "com.apple.product-type.bundle.unit-test";
		};
		054E50381E5BC25E00491930 /* headerViewUITests */ = {
			isa = PBXNativeTarget;
			buildConfigurationList = 054E50481E5BC25E00491930 /* Build configuration list for PBXNativeTarget "headerViewUITests" */;
			buildPhases = (
				054E50351E5BC25E00491930 /* Sources */,
				054E50361E5BC25E00491930 /* Frameworks */,
				054E50371E5BC25E00491930 /* Resources */,
			);
			buildRules = (
			);
			dependencies = (
				054E503B1E5BC25E00491930 /* PBXTargetDependency */,
			);
			name = headerViewUITests;
			productName = headerViewUITests;
			productReference = 054E50391E5BC25E00491930 /* headerViewUITests.xctest */;
			productType = "com.apple.product-type.bundle.ui-testing";
		};
/* End PBXNativeTarget section */

/* Begin PBXProject section */
		054E500D1E5BC25E00491930 /* Project object */ = {
			isa = PBXProject;
			attributes = {
				LastUpgradeCheck = 0820;
				ORGANIZATIONNAME = "张佳强";
				TargetAttributes = {
					054E50141E5BC25E00491930 = {
						CreatedOnToolsVersion = 8.2.1;
						ProvisioningStyle = Automatic;
					};
					054E502D1E5BC25E00491930 = {
						CreatedOnToolsVersion = 8.2.1;
						ProvisioningStyle = Automatic;
						TestTargetID = 054E50141E5BC25E00491930;
					};
					054E50381E5BC25E00491930 = {
						CreatedOnToolsVersion = 8.2.1;
						ProvisioningStyle = Automatic;
						TestTargetID = 054E50141E5BC25E00491930;
					};
				};
			};
			buildConfigurationList = 054E50101E5BC25E00491930 /* Build configuration list for PBXProject "headerView" */;
			compatibilityVersion = "Xcode 3.2";
			developmentRegion = English;
			hasScannedForEncodings = 0;
			knownRegions = (
				en,
				Base,
			);
			mainGroup = 054E500C1E5BC25E00491930;
			productRefGroup = 054E50161E5BC25E00491930 /* Products */;
			projectDirPath = "";
			projectRoot = "";
			targets = (
				054E50141E5BC25E00491930 /* headerView */,
				054E502D1E5BC25E00491930 /* headerViewTests */,
				054E50381E5BC25E00491930 /* headerViewUITests */,
			);
		};
/* End PBXProject section */

/* Begin PBXResourcesBuildPhase section */
		054E50131E5BC25E00491930 /* Resources */ = {
			isa = PBXResourcesBuildPhase;
			buildActionMask = 2147483647;
			files = (
				054E504C1E5BC50200491930 /* op.png in Resources */,
				054E50281E5BC25E00491930 /* LaunchScreen.storyboard in Resources */,
				054E50251E5BC25E00491930 /* Assets.xcassets in Resources */,
				054E50231E5BC25E00491930 /* Main.storyboard in Resources */,
			);
			runOnlyForDeploymentPostprocessing = 0;
		};
		054E502C1E5BC25E00491930 /* Resources */ = {
			isa = PBXResourcesBuildPhase;
			buildActionMask = 2147483647;
			files = (
			);
			runOnlyForDeploymentPostprocessing = 0;
		};
		054E50371E5BC25E00491930 /* Resources */ = {
			isa = PBXResourcesBuildPhase;
			buildActionMask = 2147483647;
			files = (
			);
			runOnlyForDeploymentPostprocessing = 0;
		};
/* End PBXResourcesBuildPhase section */

/* Begin PBXSourcesBuildPhase section */
		054E50111E5BC25E00491930 /* Sources */ = {
			isa = PBXSourcesBuildPhase;
			buildActionMask = 2147483647;
			files = (
				054E50201E5BC25E00491930 /* ViewController.m in Sources */,
				054E501D1E5BC25E00491930 /* AppDelegate.m in Sources */,
				054E501A1E5BC25E00491930 /* main.m in Sources */,
			);
			runOnlyForDeploymentPostprocessing = 0;
		};
		054E502A1E5BC25E00491930 /* Sources */ = {
			isa = PBXSourcesBuildPhase;
			buildActionMask = 2147483647;
			files = (
				054E50331E5BC25E00491930 /* headerViewTests.m in Sources */,
			);
			runOnlyForDeploymentPostprocessing = 0;
		};
		054E50351E5BC25E00491930 /* Sources */ = {
			isa = PBXSourcesBuildPhase;
			buildActionMask = 2147483647;
			files = (
				054E503E1E5BC25E00491930 /* headerViewUITests.m in Sources */,
			);
			runOnlyForDeploymentPostprocessing = 0;
		};
/* End PBXSourcesBuildPhase section */

/* Begin PBXTargetDependency section */
		054E50301E5BC25E00491930 /* PBXTargetDependency */ = {
			isa = PBXTargetDependency;
			target = 054E50141E5BC25E00491930 /* headerView */;
			targetProxy = 054E502F1E5BC25E00491930 /* PBXContainerItemProxy */;
		};
		054E503B1E5BC25E00491930 /* PBXTargetDependency */ = {
			isa = PBXTargetDependency;
			target = 054E50141E5BC25E00491930 /* headerView */;
			targetProxy = 054E503A1E5BC25E00491930 /* PBXContainerItemProxy */;
		};
/* End PBXTargetDependency section */

/* Begin PBXVariantGroup section */
		054E50211E5BC25E00491930 /* Main.storyboard */ = {
			isa = PBXVariantGroup;
			children = (
				054E50221E5BC25E00491930 /* Base */,
			);
			name = Main.storyboard;
			sourceTree = "<group>";
		};
		054E50261E5BC25E00491930 /* LaunchScreen.storyboard */ = {
			isa = PBXVariantGroup;
			children = (
				054E50271E5BC25E00491930 /* Base */,
			);
			name = LaunchScreen.storyboard;
			sourceTree = "<group>";
		};
/* End PBXVariantGroup section */

/* Begin XCBuildConfiguration section */
		054E50401E5BC25E00491930 /* Debug */ = {
			isa = XCBuildConfiguration;
			buildSettings = {
				ALWAYS_SEARCH_USER_PATHS = NO;
				CLANG_ANALYZER_NONNULL = YES;
				CLANG_CXX_LANGUAGE_STANDARD = "gnu++0x";
				CLANG_CXX_LIBRARY = "libc++";
				CLANG_ENABLE_MODULES = YES;
				CLANG_ENABLE_OBJC_ARC = YES;
				CLANG_WARN_BOOL_CONVERSION = YES;
				CLANG_WARN_CONSTANT_CONVERSION = YES;
				CLANG_WARN_DIRECT_OBJC_ISA_USAGE = YES_ERROR;
				CLANG_WARN_DOCUMENTATION_COMMENTS = YES;
				CLANG_WARN_EMPTY_BODY = YES;
				CLANG_WARN_ENUM_CONVERSION = YES;
				CLANG_WARN_INFINITE_RECURSION = YES;
				CLANG_WARN_INT_CONVERSION = YES;
				CLANG_WARN_OBJC_ROOT_CLASS = YES_ERROR;
				CLANG_WARN_SUSPICIOUS_MOVE = YES;
				CLANG_WARN_UNREACHABLE_CODE = YES;
				CLANG_WARN__DUPLICATE_METHOD_MATCH = YES;
				"CODE_SIGN_IDENTITY[sdk=iphoneos*]" = "iPhone Developer";
				COPY_PHASE_STRIP = NO;
				DEBUG_INFORMATION_FORMAT = dwarf;
				ENABLE_STRICT_OBJC_MSGSEND = YES;
				ENABLE_TESTABILITY = YES;
				GCC_C_LANGUAGE_STANDARD = gnu99;
				GCC_DYNAMIC_NO_PIC = NO;
				GCC_NO_COMMON_BLOCKS = YES;
				GCC_OPTIMIZATION_LEVEL = 0;
				GCC_PREPROCESSOR_DEFINITIONS = (
					"DEBUG=1",
					"$(inherited)",
				);
				GCC_WARN_64_TO_32_BIT_CONVERSION = YES;
				GCC_WARN_ABOUT_RETURN_TYPE = YES_ERROR;
				GCC_WARN_UNDECLARED_SELECTOR = YES;
				GCC_WARN_UNINITIALIZED_AUTOS = YES_AGGRESSIVE;
				GCC_WARN_UNUSED_FUNCTION = YES;
				GCC_WARN_UNUSED_VARIABLE = YES;
				IPHONEOS_DEPLOYMENT_TARGET = 10.2;
				MTL_ENABLE_DEBUG_INFO = YES;
				ONLY_ACTIVE_ARCH = YES;
				SDKROOT = iphoneos;
				TARGETED_DEVICE_FAMILY = "1,2";
			};
			name = Debug;
		};
		054E50411E5BC25E00491930 /* Release */ = {
			isa = XCBuildConfiguration;
			buildSettings = {
				ALWAYS_SEARCH_USER_PATHS = NO;
				CLANG_ANALYZER_NONNULL = YES;
				CLANG_CXX_LANGUAGE_STANDARD = "gnu++0x";
				CLANG_CXX_LIBRARY = "libc++";
				CLANG_ENABLE_MODULES = YES;
				CLANG_ENABLE_OBJC_ARC = YES;
				CLANG_WARN_BOOL_CONVERSION = YES;
				CLANG_WARN_CONSTANT_CONVERSION = YES;
				CLANG_WARN_DIRECT_OBJC_ISA_USAGE = YES_ERROR;
				CLANG_WARN_DOCUMENTATION_COMMENTS = YES;
				CLANG_WARN_EMPTY_BODY = YES;
				CLANG_WARN_ENUM_CONVERSION = YES;
				CLANG_WARN_INFINITE_RECURSION = YES;
				CLANG_WARN_INT_CONVERSION = YES;
				CLANG_WARN_OBJC_ROOT_CLASS = YES_ERROR;
				CLANG_WARN_SUSPICIOUS_MOVE = YES;
				CLANG_WARN_UNREACHABLE_CODE = YES;
				CLANG_WARN__DUPLICATE_METHOD_MATCH = YES;
				"CODE_SIGN_IDENTITY[sdk=iphoneos*]" = "iPhone Developer";
				COPY_PHASE_STRIP = NO;
				DEBUG_INFORMATION_FORMAT = "dwarf-with-dsym";
				ENABLE_NS_ASSERTIONS = NO;
				ENABLE_STRICT_OBJC_MSGSEND = YES;
				GCC_C_LANGUAGE_STANDARD = gnu99;
				GCC_NO_COMMON_BLOCKS = YES;
				GCC_WARN_64_TO_32_BIT_CONVERSION = YES;
				GCC_WARN_ABOUT_RETURN_TYPE = YES_ERROR;
				GCC_WARN_UNDECLARED_SELECTOR = YES;
				GCC_WARN_UNINITIALIZED_AUTOS = YES_AGGRESSIVE;
				GCC_WARN_UNUSED_FUNCTION = YES;
				GCC_WARN_UNUSED_VARIABLE = YES;
				IPHONEOS_DEPLOYMENT_TARGET = 10.2;
				MTL_ENABLE_DEBUG_INFO = NO;
				SDKROOT = iphoneos;
				TARGETED_DEVICE_FAMILY = "1,2";
				VALIDATE_PRODUCT = YES;
			};
			name = Release;
		};
		054E50431E5BC25E00491930 /* Debug */ = {
			isa = XCBuildConfiguration;
			buildSettings = {
				ASSETCATALOG_COMPILER_APPICON_NAME = AppIcon;
				INFOPLIST_FILE = headerView/Info.plist;
				LD_RUNPATH_SEARCH_PATHS = "$(inherited) @executable_path/Frameworks";
				PRODUCT_BUNDLE_IDENTIFIER = "----.headerView";
				PRODUCT_NAME = "$(TARGET_NAME)";
			};
			name = Debug;
		};
		054E50441E5BC25E00491930 /* Release */ = {
			isa = XCBuildConfiguration;
			buildSettings = {
				ASSETCATALOG_COMPILER_APPICON_NAME = AppIcon;
				INFOPLIST_FILE = headerView/Info.plist;
				LD_RUNPATH_SEARCH_PATHS = "$(inherited) @executable_path/Frameworks";
				PRODUCT_BUNDLE_IDENTIFIER = "----.headerView";
				PRODUCT_NAME = "$(TARGET_NAME)";
			};
			name = Release;
		};
		054E50461E5BC25E00491930 /* Debug */ = {
			isa = XCBuildConfiguration;
			buildSettings = {
				BUNDLE_LOADER = "$(TEST_HOST)";
				INFOPLIST_FILE = headerViewTests/Info.plist;
				LD_RUNPATH_SEARCH_PATHS = "$(inherited) @executable_path/Frameworks @loader_path/Frameworks";
				PRODUCT_BUNDLE_IDENTIFIER = "----.headerViewTests";
				PRODUCT_NAME = "$(TARGET_NAME)";
				TEST_HOST = "$(BUILT_PRODUCTS_DIR)/headerView.app/headerView";
			};
			name = Debug;
		};
		054E50471E5BC25E00491930 /* Release */ = {
			isa = XCBuildConfiguration;
			buildSettings = {
				BUNDLE_LOADER = "$(TEST_HOST)";
				INFOPLIST_FILE = headerViewTests/Info.plist;
				LD_RUNPATH_SEARCH_PATHS = "$(inherited) @executable_path/Frameworks @loader_path/Frameworks";
				PRODUCT_BUNDLE_IDENTIFIER = "----.headerViewTests";
				PRODUCT_NAME = "$(TARGET_NAME)";
				TEST_HOST = "$(BUILT_PRODUCTS_DIR)/headerView.app/headerView";
			};
			name = Release;
		};
		054E50491E5BC25E00491930 /* Debug */ = {
			isa = XCBuildConfiguration;
			buildSettings = {
				INFOPLIST_FILE = headerViewUITests/Info.plist;
				LD_RUNPATH_SEARCH_PATHS = "$(inherited) @executable_path/Frameworks @loader_path/Frameworks";
				PRODUCT_BUNDLE_IDENTIFIER = "----.headerViewUITests";
				PRODUCT_NAME = "$(TARGET_NAME)";
				TEST_TARGET_NAME = headerView;
			};
			name = Debug;
		};
		054E504A1E5BC25E00491930 /* Release */ = {
			isa = XCBuildConfiguration;
			buildSettings = {
				INFOPLIST_FILE = headerViewUITests/Info.plist;
				LD_RUNPATH_SEARCH_PATHS = "$(inherited) @executable_path/Frameworks @loader_path/Frameworks";
				PRODUCT_BUNDLE_IDENTIFIER = "----.headerViewUITests";
				PRODUCT_NAME = "$(TARGET_NAME)";
				TEST_TARGET_NAME = headerView;
			};
			name = Release;
		};
/* End XCBuildConfiguration section */

/* Begin XCConfigurationList section */
		054E50101E5BC25E00491930 /* Build configuration list for PBXProject "headerView" */ = {
			isa = XCConfigurationList;
			buildConfigurations = (
				054E50401E5BC25E00491930 /* Debug */,
				054E50411E5BC25E00491930 /* Release */,
			);
			defaultConfigurationIsVisible = 0;
			defaultConfigurationName = Release;
		};
		054E50421E5BC25E00491930 /* Build configuration list for PBXNativeTarget "headerView" */ = {
			isa = XCConfigurationList;
			buildConfigurations = (
				054E50431E5BC25E00491930 /* Debug */,
				054E50441E5BC25E00491930 /* Release */,
			);
			defaultConfigurationIsVisible = 0;
		};
		054E50451E5BC25E00491930 /* Build configuration list for PBXNativeTarget "headerViewTests" */ = {
			isa = XCConfigurationList;
			buildConfigurations = (
				054E50461E5BC25E00491930 /* Debug */,
				054E50471E5BC25E00491930 /* Release */,
			);
			defaultConfigurationIsVisible = 0;
		};
		054E50481E5BC25E00491930 /* Build configuration list for PBXNativeTarget "headerViewUITests" */ = {
			isa = XCConfigurationList;
			buildConfigurations = (
				054E50491E5BC25E00491930 /* Debug */,
				054E504A1E5BC25E00491930 /* Release */,
			);
			defaultConfigurationIsVisible = 0;
		};
/* End XCConfigurationList section */
	};
	rootObject = 054E500D1E5BC25E00491930 /* Project object */;
}
